
Microsoft Visual Studio Solution File, Format Version 12.00
# Visual Studio Version 17
VisualStudioVersion = 17.11.35208.52
MinimumVisualStudioVersion = 10.0.40219.1
Project("{FAE04EC0-301F-11D3-BF4B-00C04F79EFBC}") = "BlogWeb", "BlogWeb\BlogWeb.csproj", "{F934BD09-C9D2-4242-95A3-95492C36B516}"
EndProject
Global
	GlobalSection(SolutionConfigurationPlatforms) = preSolution
		Debug|Any CPU = Debug|Any CPU
		Release|Any CPU = Release|Any CPU
	EndGlobalSection
	GlobalSection(ProjectConfigurationPlatforms) = postSolution
		{F934BD09-C9D2-4242-95A3-95492C36B516}.Debug|Any CPU.ActiveCfg = Debug|Any CPU
		{F934BD09-C9D2-4242-95A3-95492C36B516}.Debug|Any CPU.Build.0 = Debug|Any CPU
		{F934BD09-C9D2-4242-95A3-95492C36B516}.Release|Any CPU.ActiveCfg = Release|Any CPU
		{F934BD09-C9D2-4242-95A3-95492C36B516}.Release|Any CPU.Build.0 = Release|Any CPU
	EndGlobalSection
	GlobalSection(SolutionProperties) = preSolution
		HideSolutionNode = FALSE
	EndGlobalSection
	GlobalSection(ExtensibilityGlobals) = postSolution
		SolutionGuid = {DF18667C-88DA-4289-965C-0673F6D587B0}
	EndGlobalSection
EndGlobal
